{
  "name": "scrapehook",
  "version": "0.4.1",
  "lockfileVersion": 1,
  "requires": true,
  "dependencies": {
    "@zeit/ncc": {
      "version": "0.4.1",
      "resolved": "https://registry.npmjs.org/@zeit/ncc/-/ncc-0.4.1.tgz",
      "integrity": "sha512-8S71zRmnKpup8OjmIhVjN+McQmqCNI1tCjknXyZJriA7ULFr5vCiug5K7pHQlsDf2LgLLciEivJph0XbC0Fq7w==",
      "dev": true
    }
  }
}
